
Microsoft Visual Studio Solution File, Format Version 12.00
# Visual Studio 15
VisualStudioVersion = 15.0.33026.149
MinimumVisualStudioVersion = 10.0.40219.1
Project("{159641D6-6404-4A2A-AE62-294DE0FE8301}") = "Layoff", "Layoff\Layoff.dtproj", "{EC41BD62-075A-4286-AAAF-E44AA71DAA81}"
EndProject
Global
	GlobalSection(SolutionConfigurationPlatforms) = preSolution
		Development|Default = Development|Default
	EndGlobalSection
	GlobalSection(ProjectConfigurationPlatforms) = postSolution
		{EC41BD62-075A-4286-AAAF-E44AA71DAA81}.Development|Default.ActiveCfg = Development
		{EC41BD62-075A-4286-AAAF-E44AA71DAA81}.Development|Default.Build.0 = Development
	EndGlobalSection
	GlobalSection(SolutionProperties) = preSolution
		HideSolutionNode = FALSE
	EndGlobalSection
	GlobalSection(ExtensibilityGlobals) = postSolution
		SolutionGuid = {24860B44-7384-4463-AF86-4266B712157F}
	EndGlobalSection
EndGlobal
